// !$*UTF8*$!
{
	archiveVersion = 1;
	classes = {
	};
	objectVersion = 46;
	objects = {

/* Begin PBXBuildFile section */
		DB39317A1E65A95C00B61968 /* JsonHandler.swift in Sources */ = {isa = PBXBuildFile; fileRef = DB3931791E65A95C00B61968 /* JsonHandler.swift */; };
		DB39317C1E66C82A00B61968 /* ItemInfoViewController.swift in Sources */ = {isa = PBXBuildFile; fileRef = DB39317B1E66C82A00B61968 /* ItemInfoViewController.swift */; };
		DB56C8E61E534ABB008E33C5 /* AppDelegate.swift in Sources */ = {isa = PBXBuildFile; fileRef = DB56C8E51E534ABB008E33C5 /* AppDelegate.swift */; };
		DB56C8E81E534ABB008E33C5 /* MainViewController.swift in Sources */ = {isa = PBXBuildFile; fileRef = DB56C8E71E534ABB008E33C5 /* MainViewController.swift */; };
		DB56C8EB1E534ABB008E33C5 /* Main.storyboard in Resources */ = {isa = PBXBuildFile; fileRef = DB56C8E91E534ABB008E33C5 /* Main.storyboard */; };
		DB56C8ED1E534ABB008E33C5 /* Assets.xcassets in Resources */ = {isa = PBXBuildFile; fileRef = DB56C8EC1E534ABB008E33C5 /* Assets.xcassets */; };
		DB56C8F01E534ABB008E33C5 /* LaunchScreen.storyboard in Resources */ = {isa = PBXBuildFile; fileRef = DB56C8EE1E534ABB008E33C5 /* LaunchScreen.storyboard */; };
		DB81B0681E64BC8D0049DD54 /* ItemTableViewCell.swift in Sources */ = {isa = PBXBuildFile; fileRef = DB81B0671E64BC8D0049DD54 /* ItemTableViewCell.swift */; };
		DBE40CF81E55F4E300A70FFF /* MatApiTableViewController.swift in Sources */ = {isa = PBXBuildFile; fileRef = DBE40CF71E55F4E300A70FFF /* MatApiTableViewController.swift */; };
/* End PBXBuildFile section */

/* Begin PBXFileReference section */
		DB3931791E65A95C00B61968 /* JsonHandler.swift */ = {isa = PBXFileReference; fileEncoding = 4; lastKnownFileType = sourcecode.swift; path = JsonHandler.swift; sourceTree = "<group>"; };
		DB39317B1E66C82A00B61968 /* ItemInfoViewController.swift */ = {isa = PBXFileReference; fileEncoding = 4; lastKnownFileType = sourcecode.swift; path = ItemInfoViewController.swift; sourceTree = "<group>"; };
		DB56C8E21E534ABB008E33C5 /* Matapi.app */ = {isa = PBXFileReference; explicitFileType = wrapper.application; includeInIndex = 0; path = Matapi.app; sourceTree = BUILT_PRODUCTS_DIR; };
		DB56C8E51E534ABB008E33C5 /* AppDelegate.swift */ = {isa = PBXFileReference; lastKnownFileType = sourcecode.swift; path = AppDelegate.swift; sourceTree = "<group>"; };
		DB56C8E71E534ABB008E33C5 /* MainViewController.swift */ = {isa = PBXFileReference; lastKnownFileType = sourcecode.swift; path = MainViewController.swift; sourceTree = "<group>"; };
		DB56C8EA1E534ABB008E33C5 /* Base */ = {isa = PBXFileReference; lastKnownFileType = file.storyboard; name = Base; path = Base.lproj/Main.storyboard; sourceTree = "<group>"; };
		DB56C8EC1E534ABB008E33C5 /* Assets.xcassets */ = {isa = PBXFileReference; lastKnownFileType = folder.assetcatalog; path = Assets.xcassets; sourceTree = "<group>"; };
		DB56C8EF1E534ABB008E33C5 /* Base */ = {isa = PBXFileReference; lastKnownFileType = file.storyboard; name = Base; path = Base.lproj/LaunchScreen.storyboard; sourceTree = "<group>"; };
		DB56C8F11E534ABB008E33C5 /* Info.plist */ = {isa = PBXFileReference; lastKnownFileType = text.plist.xml; path = Info.plist; sourceTree = "<group>"; };
		DB81B0671E64BC8D0049DD54 /* ItemTableViewCell.swift */ = {isa = PBXFileReference; fileEncoding = 4; lastKnownFileType = sourcecode.swift; path = ItemTableViewCell.swift; sourceTree = "<group>"; };
		DBE40CF71E55F4E300A70FFF /* MatApiTableViewController.swift */ = {isa = PBXFileReference; fileEncoding = 4; lastKnownFileType = sourcecode.swift; path = MatApiTableViewController.swift; sourceTree = "<group>"; wrapsLines = 0; };
/* End PBXFileReference section */

/* Begin PBXFrameworksBuildPhase section */
		DB56C8DF1E534ABB008E33C5 /* Frameworks */ = {
			isa = PBXFrameworksBuildPhase;
			buildActionMask = 2147483647;
			files = (
			);
			runOnlyForDeploymentPostprocessing = 0;
		};
/* End PBXFrameworksBuildPhase section */

/* Begin PBXGroup section */
		DB56C8D91E534ABB008E33C5 = {
			isa = PBXGroup;
			children = (
				DB56C8E41E534ABB008E33C5 /* Matapi */,
				DB56C8E31E534ABB008E33C5 /* Products */,
			);
			sourceTree = "<group>";
		};
		DB56C8E31E534ABB008E33C5 /* Products */ = {
			isa = PBXGroup;
			children = (
				DB56C8E21E534ABB008E33C5 /* Matapi.app */,
			);
			name = Products;
			sourceTree = "<group>";
		};
		DB56C8E41E534ABB008E33C5 /* Matapi */ = {
			isa = PBXGroup;
			children = (
				DB56C8E51E534ABB008E33C5 /* AppDelegate.swift */,
				DB56C8E71E534ABB008E33C5 /* MainViewController.swift */,
				DB56C8E91E534ABB008E33C5 /* Main.storyboard */,
				DB56C8EC1E534ABB008E33C5 /* Assets.xcassets */,
				DB56C8EE1E534ABB008E33C5 /* LaunchScreen.storyboard */,
				DB56C8F11E534ABB008E33C5 /* Info.plist */,
				DBE40CF71E55F4E300A70FFF /* MatApiTableViewController.swift */,
				DB81B0671E64BC8D0049DD54 /* ItemTableViewCell.swift */,
				DB3931791E65A95C00B61968 /* JsonHandler.swift */,
				DB39317B1E66C82A00B61968 /* ItemInfoViewController.swift */,
			);
			path = Matapi;
			sourceTree = "<group>";
		};
/* End PBXGroup section */

/* Begin PBXNativeTarget section */
		DB56C8E11E534ABB008E33C5 /* Matapi */ = {
			isa = PBXNativeTarget;
			buildConfigurationList = DB56C8F41E534ABB008E33C5 /* Build configuration list for PBXNativeTarget "Matapi" */;
			buildPhases = (
				DB56C8DE1E534ABB008E33C5 /* Sources */,
				DB56C8DF1E534ABB008E33C5 /* Frameworks */,
				DB56C8E01E534ABB008E33C5 /* Resources */,
			);
			buildRules = (
			);
			dependencies = (
			);
			name = Matapi;
			productName = Matapi;
			productReference = DB56C8E21E534ABB008E33C5 /* Matapi.app */;
			productType = "com.apple.product-type.application";
		};
/* End PBXNativeTarget section */

/* Begin PBXProject section */
		DB56C8DA1E534ABB008E33C5 /* Project object */ = {
			isa = PBXProject;
			attributes = {
				LastSwiftUpdateCheck = 0820;
				LastUpgradeCheck = 0820;
				ORGANIZATIONNAME = "Simon Riemertzon";
				TargetAttributes = {
					DB56C8E11E534ABB008E33C5 = {
						CreatedOnToolsVersion = 8.2.1;
						ProvisioningStyle = Automatic;
					};
				};
			};
			buildConfigurationList = DB56C8DD1E534ABB008E33C5 /* Build configuration list for PBXProject "Matapi" */;
			compatibilityVersion = "Xcode 3.2";
			developmentRegion = English;
			hasScannedForEncodings = 0;
			knownRegions = (
				en,
				Base,
			);
			mainGroup = DB56C8D91E534ABB008E33C5;
			productRefGroup = DB56C8E31E534ABB008E33C5 /* Products */;
			projectDirPath = "";
			projectRoot = "";
			targets = (
				DB56C8E11E534ABB008E33C5 /* Matapi */,
			);
		};
/* End PBXProject section */

/* Begin PBXResourcesBuildPhase section */
		DB56C8E01E534ABB008E33C5 /* Resources */ = {
			isa = PBXResourcesBuildPhase;
			buildActionMask = 2147483647;
			files = (
				DB56C8F01E534ABB008E33C5 /* LaunchScreen.storyboard in Resources */,
				DB56C8ED1E534ABB008E33C5 /* Assets.xcassets in Resources */,
				DB56C8EB1E534ABB008E33C5 /* Main.storyboard in Resources */,
			);
			runOnlyForDeploymentPostprocessing = 0;
		};
/* End PBXResourcesBuildPhase section */

/* Begin PBXSourcesBuildPhase section */
		DB56C8DE1E534ABB008E33C5 /* Sources */ = {
			isa = PBXSourcesBuildPhase;
			buildActionMask = 2147483647;
			files = (
				DB81B0681E64BC8D0049DD54 /* ItemTableViewCell.swift in Sources */,
				DB39317C1E66C82A00B61968 /* ItemInfoViewController.swift in Sources */,
				DB39317A1E65A95C00B61968 /* JsonHandler.swift in Sources */,
				DB56C8E81E534ABB008E33C5 /* MainViewController.swift in Sources */,
				DB56C8E61E534ABB008E33C5 /* AppDelegate.swift in Sources */,
				DBE40CF81E55F4E300A70FFF /* MatApiTableViewController.swift in Sources */,
			);
			runOnlyForDeploymentPostprocessing = 0;
		};
/* End PBXSourcesBuildPhase section */

/* Begin PBXVariantGroup section */
		DB56C8E91E534ABB008E33C5 /* Main.storyboard */ = {
			isa = PBXVariantGroup;
			children = (
				DB56C8EA1E534ABB008E33C5 /* Base */,
			);
			name = Main.storyboard;
			sourceTree = "<group>";
		};
		DB56C8EE1E534ABB008E33C5 /* LaunchScreen.storyboard */ = {
			isa = PBXVariantGroup;
			children = (
				DB56C8EF1E534ABB008E33C5 /* Base */,
			);
			name = LaunchScreen.storyboard;
			sourceTree = "<group>";
		};
/* End PBXVariantGroup section */

/* Begin XCBuildConfiguration section */
		DB56C8F21E534ABB008E33C5 /* Debug */ = {
			isa = XCBuildConfiguration;
			buildSettings = {
				ALWAYS_SEARCH_USER_PATHS = NO;
				CLANG_ANALYZER_NONNULL = YES;
				CLANG_CXX_LANGUAGE_STANDARD = "gnu++0x";
				CLANG_CXX_LIBRARY = "libc++";
				CLANG_ENABLE_MODULES = YES;
				CLANG_ENABLE_OBJC_ARC = YES;
				CLANG_WARN_BOOL_CONVERSION = YES;
				CLANG_WARN_CONSTANT_CONVERSION = YES;
				CLANG_WARN_DIRECT_OBJC_ISA_USAGE = YES_ERROR;
				CLANG_WARN_DOCUMENTATION_COMMENTS = YES;
				CLANG_WARN_EMPTY_BODY = YES;
				CLANG_WARN_ENUM_CONVERSION = YES;
				CLANG_WARN_INFINITE_RECURSION = YES;
				CLANG_WARN_INT_CONVERSION = YES;
				CLANG_WARN_OBJC_ROOT_CLASS = YES_ERROR;
				CLANG_WARN_SUSPICIOUS_MOVE = YES;
				CLANG_WARN_UNREACHABLE_CODE = YES;
				CLANG_WARN__DUPLICATE_METHOD_MATCH = YES;
				"CODE_SIGN_IDENTITY[sdk=iphoneos*]" = "iPhone Developer";
				COPY_PHASE_STRIP = NO;
				DEBUG_INFORMATION_FORMAT = dwarf;
				ENABLE_STRICT_OBJC_MSGSEND = YES;
				ENABLE_TESTABILITY = YES;
				GCC_C_LANGUAGE_STANDARD = gnu99;
				GCC_DYNAMIC_NO_PIC = NO;
				GCC_NO_COMMON_BLOCKS = YES;
				GCC_OPTIMIZATION_LEVEL = 0;
				GCC_PREPROCESSOR_DEFINITIONS = (
					"DEBUG=1",
					"$(inherited)",
				);
				GCC_WARN_64_TO_32_BIT_CONVERSION = YES;
				GCC_WARN_ABOUT_RETURN_TYPE = YES_ERROR;
				GCC_WARN_UNDECLARED_SELECTOR = YES;
				GCC_WARN_UNINITIALIZED_AUTOS = YES_AGGRESSIVE;
				GCC_WARN_UNUSED_FUNCTION = YES;
				GCC_WARN_UNUSED_VARIABLE = YES;
				IPHONEOS_DEPLOYMENT_TARGET = 10.2;
				MTL_ENABLE_DEBUG_INFO = YES;
				ONLY_ACTIVE_ARCH = YES;
				SDKROOT = iphoneos;
				SWIFT_ACTIVE_COMPILATION_CONDITIONS = DEBUG;
				SWIFT_OPTIMIZATION_LEVEL = "-Onone";
			};
			name = Debug;
		};
		DB56C8F31E534ABB008E33C5 /* Release */ = {
			isa = XCBuildConfiguration;
			buildSettings = {
				ALWAYS_SEARCH_USER_PATHS = NO;
				CLANG_ANALYZER_NONNULL = YES;
				CLANG_CXX_LANGUAGE_STANDARD = "gnu++0x";
				CLANG_CXX_LIBRARY = "libc++";
				CLANG_ENABLE_MODULES = YES;
				CLANG_ENABLE_OBJC_ARC = YES;
				CLANG_WARN_BOOL_CONVERSION = YES;
				CLANG_WARN_CONSTANT_CONVERSION = YES;
				CLANG_WARN_DIRECT_OBJC_ISA_USAGE = YES_ERROR;
				CLANG_WARN_DOCUMENTATION_COMMENTS = YES;
				CLANG_WARN_EMPTY_BODY = YES;
				CLANG_WARN_ENUM_CONVERSION = YES;
				CLANG_WARN_INFINITE_RECURSION = YES;
				CLANG_WARN_INT_CONVERSION = YES;
				CLANG_WARN_OBJC_ROOT_CLASS = YES_ERROR;
				CLANG_WARN_SUSPICIOUS_MOVE = YES;
				CLANG_WARN_UNREACHABLE_CODE = YES;
				CLANG_WARN__DUPLICATE_METHOD_MATCH = YES;
				"CODE_SIGN_IDENTITY[sdk=iphoneos*]" = "iPhone Developer";
				COPY_PHASE_STRIP = NO;
				DEBUG_INFORMATION_FORMAT = "dwarf-with-dsym";
				ENABLE_NS_ASSERTIONS = NO;
				ENABLE_STRICT_OBJC_MSGSEND = YES;
				GCC_C_LANGUAGE_STANDARD = gnu99;
				GCC_NO_COMMON_BLOCKS = YES;
				GCC_WARN_64_TO_32_BIT_CONVERSION = YES;
				GCC_WARN_ABOUT_RETURN_TYPE = YES_ERROR;
				GCC_WARN_UNDECLARED_SELECTOR = YES;
				GCC_WARN_UNINITIALIZED_AUTOS = YES_AGGRESSIVE;
				GCC_WARN_UNUSED_FUNCTION = YES;
				GCC_WARN_UNUSED_VARIABLE = YES;
				IPHONEOS_DEPLOYMENT_TARGET = 10.2;
				MTL_ENABLE_DEBUG_INFO = NO;
				SDKROOT = iphoneos;
				SWIFT_OPTIMIZATION_LEVEL = "-Owholemodule";
				VALIDATE_PRODUCT = YES;
			};
			name = Release;
		};
		DB56C8F51E534ABB008E33C5 /* Debug */ = {
			isa = XCBuildConfiguration;
			buildSettings = {
				ASSETCATALOG_COMPILER_APPICON_NAME = AppIcon;
				INFOPLIST_FILE = Matapi/Info.plist;
				LD_RUNPATH_SEARCH_PATHS = "$(inherited) @executable_path/Frameworks";
				PRODUCT_BUNDLE_IDENTIFIER = SIRI.Matapi;
				PRODUCT_NAME = "$(TARGET_NAME)";
				SWIFT_VERSION = 3.0;
			};
			name = Debug;
		};
		DB56C8F61E534ABB008E33C5 /* Release */ = {
			isa = XCBuildConfiguration;
			buildSettings = {
				ASSETCATALOG_COMPILER_APPICON_NAME = AppIcon;
				INFOPLIST_FILE = Matapi/Info.plist;
				LD_RUNPATH_SEARCH_PATHS = "$(inherited) @executable_path/Frameworks";
				PRODUCT_BUNDLE_IDENTIFIER = SIRI.Matapi;
				PRODUCT_NAME = "$(TARGET_NAME)";
				SWIFT_VERSION = 3.0;
			};
			name = Release;
		};
/* End XCBuildConfiguration section */

/* Begin XCConfigurationList section */
		DB56C8DD1E534ABB008E33C5 /* Build configuration list for PBXProject "Matapi" */ = {
			isa = XCConfigurationList;
			buildConfigurations = (
				DB56C8F21E534ABB008E33C5 /* Debug */,
				DB56C8F31E534ABB008E33C5 /* Release */,
			);
			defaultConfigurationIsVisible = 0;
			defaultConfigurationName = Release;
		};
		DB56C8F41E534ABB008E33C5 /* Build configuration list for PBXNativeTarget "Matapi" */ = {
			isa = XCConfigurationList;
			buildConfigurations = (
				DB56C8F51E534ABB008E33C5 /* Debug */,
				DB56C8F61E534ABB008E33C5 /* Release */,
			);
			defaultConfigurationIsVisible = 0;
			defaultConfigurationName = Release;
		};
/* End XCConfigurationList section */
	};
	rootObject = DB56C8DA1E534ABB008E33C5 /* Project object */;
}
